// !$*UTF8*$!
{
	archiveVersion = 1;
	classes = {
	};
	objectVersion = 77;
	objects = {

/* Begin PBXContainerItemProxy section */
		366BCD0E2CB8C8B400A113E1 /* PBXContainerItemProxy */ = {
			isa = PBXContainerItemProxy;
			containerPortal = 366BCCF52CB8C8B200A113E1 /* Project object */;
			proxyType = 1;
			remoteGlobalIDString = 366BCCFC2CB8C8B200A113E1;
			remoteInfo = Volunteerly;
		};
		366BCD182CB8C8B400A113E1 /* PBXContainerItemProxy */ = {
			isa = PBXContainerItemProxy;
			containerPortal = 366BCCF52CB8C8B200A113E1 /* Project object */;
			proxyType = 1;
			remoteGlobalIDString = 366BCCFC2CB8C8B200A113E1;
			remoteInfo = Volunteerly;
		};
/* End PBXContainerItemProxy section */

/* Begin PBXFileReference section */
		366BCCFD2CB8C8B200A113E1 /* Volunteerly.app */ = {isa = PBXFileReference; explicitFileType = wrapper.application; includeInIndex = 0; path = Volunteerly.app; sourceTree = BUILT_PRODUCTS_DIR; };
		366BCD0D2CB8C8B400A113E1 /* VolunteerlyTests.xctest */ = {isa = PBXFileReference; explicitFileType = wrapper.cfbundle; includeInIndex = 0; path = VolunteerlyTests.xctest; sourceTree = BUILT_PRODUCTS_DIR; };
		366BCD172CB8C8B400A113E1 /* VolunteerlyUITests.xctest */ = {isa = PBXFileReference; explicitFileType = wrapper.cfbundle; includeInIndex = 0; path = VolunteerlyUITests.xctest; sourceTree = BUILT_PRODUCTS_DIR; };
/* End PBXFileReference section */

/* Begin PBXFileSystemSynchronizedRootGroup section */
		366BCCFF2CB8C8B200A113E1 /* Volunteerly */ = {
			isa = PBXFileSystemSynchronizedRootGroup;
			path = Volunteerly;
			sourceTree = "<group>";
		};
		366BCD102CB8C8B400A113E1 /* VolunteerlyTests */ = {
			isa = PBXFileSystemSynchronizedRootGroup;
			path = VolunteerlyTests;
			sourceTree = "<group>";
		};
		366BCD1A2CB8C8B400A113E1 /* VolunteerlyUITests */ = {
			isa = PBXFileSystemSynchronizedRootGroup;
			path = VolunteerlyUITests;
			sourceTree = "<group>";
		};
/* End PBXFileSystemSynchronizedRootGroup section */

/* Begin PBXFrameworksBuildPhase section */
		366BCCFA2CB8C8B200A113E1 /* Frameworks */ = {
			isa = PBXFrameworksBuildPhase;
			buildActionMask = 2147483647;
			files = (
			);
			runOnlyForDeploymentPostprocessing = 0;
		};
		366BCD0A2CB8C8B400A113E1 /* Frameworks */ = {
			isa = PBXFrameworksBuildPhase;
			buildActionMask = 2147483647;
			files = (
			);
			runOnlyForDeploymentPostprocessing = 0;
		};
		366BCD142CB8C8B400A113E1 /* Frameworks */ = {
			isa = PBXFrameworksBuildPhase;
			buildActionMask = 2147483647;
			files = (
			);
			runOnlyForDeploymentPostprocessing = 0;
		};
/* End PBXFrameworksBuildPhase section */

/* Begin PBXGroup section */
		366BCCF42CB8C8B200A113E1 = {
			isa = PBXGroup;
			children = (
				366BCCFF2CB8C8B200A113E1 /* Volunteerly */,
				366BCD102CB8C8B400A113E1 /* VolunteerlyTests */,
				366BCD1A2CB8C8B400A113E1 /* VolunteerlyUITests */,
				366BCCFE2CB8C8B200A113E1 /* Products */,
			);
			sourceTree = "<group>";
		};
		366BCCFE2CB8C8B200A113E1 /* Products */ = {
			isa = PBXGroup;
			children = (
				366BCCFD2CB8C8B200A113E1 /* Volunteerly.app */,
				366BCD0D2CB8C8B400A113E1 /* VolunteerlyTests.xctest */,
				366BCD172CB8C8B400A113E1 /* VolunteerlyUITests.xctest */,
			);
			name = Products;
			sourceTree = "<group>";
		};
/* End PBXGroup section */

/* Begin PBXNativeTarget section */
		366BCCFC2CB8C8B200A113E1 /* Volunteerly */ = {
			isa = PBXNativeTarget;
			buildConfigurationList = 366BCD212CB8C8B400A113E1 /* Build configuration list for PBXNativeTarget "Volunteerly" */;
			buildPhases = (
				366BCCF92CB8C8B200A113E1 /* Sources */,
				366BCCFA2CB8C8B200A113E1 /* Frameworks */,
				366BCCFB2CB8C8B200A113E1 /* Resources */,
			);
			buildRules = (
			);
			dependencies = (
			);
			fileSystemSynchronizedGroups = (
				366BCCFF2CB8C8B200A113E1 /* Volunteerly */,
			);
			name = Volunteerly;
			packageProductDependencies = (
			);
			productName = Volunteerly;
			productReference = 366BCCFD2CB8C8B200A113E1 /* Volunteerly.app */;
			productType = "com.apple.product-type.application";
		};
		366BCD0C2CB8C8B400A113E1 /* VolunteerlyTests */ = {
			isa = PBXNativeTarget;
			buildConfigurationList = 366BCD242CB8C8B400A113E1 /* Build configuration list for PBXNativeTarget "VolunteerlyTests" */;
			buildPhases = (
				366BCD092CB8C8B400A113E1 /* Sources */,
				366BCD0A2CB8C8B400A113E1 /* Frameworks */,
				366BCD0B2CB8C8B400A113E1 /* Resources */,
			);
			buildRules = (
			);
			dependencies = (
				366BCD0F2CB8C8B400A113E1 /* PBXTargetDependency */,
			);
			fileSystemSynchronizedGroups = (
				366BCD102CB8C8B400A113E1 /* VolunteerlyTests */,
			);
			name = VolunteerlyTests;
			packageProductDependencies = (
			);
			productName = VolunteerlyTests;
			productReference = 366BCD0D2CB8C8B400A113E1 /* VolunteerlyTests.xctest */;
			productType = "com.apple.product-type.bundle.unit-test";
		};
		366BCD162CB8C8B400A113E1 /* VolunteerlyUITests */ = {
			isa = PBXNativeTarget;
			buildConfigurationList = 366BCD272CB8C8B400A113E1 /* Build configuration list for PBXNativeTarget "VolunteerlyUITests" */;
			buildPhases = (
				366BCD132CB8C8B400A113E1 /* Sources */,
				366BCD142CB8C8B400A113E1 /* Frameworks */,
				366BCD152CB8C8B400A113E1 /* Resources */,
			);
			buildRules = (
			);
			dependencies = (
				366BCD192CB8C8B400A113E1 /* PBXTargetDependency */,
			);
			fileSystemSynchronizedGroups = (
				366BCD1A2CB8C8B400A113E1 /* VolunteerlyUITests */,
			);
			name = VolunteerlyUITests;
			packageProductDependencies = (
			);
			productName = VolunteerlyUITests;
			productReference = 366BCD172CB8C8B400A113E1 /* VolunteerlyUITests.xctest */;
			productType = "com.apple.product-type.bundle.ui-testing";
		};
/* End PBXNativeTarget section */

/* Begin PBXProject section */
		366BCCF52CB8C8B200A113E1 /* Project object */ = {
			isa = PBXProject;
			attributes = {
				BuildIndependentTargetsInParallel = 1;
				LastSwiftUpdateCheck = 1600;
				LastUpgradeCheck = 1600;
				TargetAttributes = {
					366BCCFC2CB8C8B200A113E1 = {
						CreatedOnToolsVersion = 16.0;
					};
					366BCD0C2CB8C8B400A113E1 = {
						CreatedOnToolsVersion = 16.0;
						TestTargetID = 366BCCFC2CB8C8B200A113E1;
					};
					366BCD162CB8C8B400A113E1 = {
						CreatedOnToolsVersion = 16.0;
						TestTargetID = 366BCCFC2CB8C8B200A113E1;
					};
				};
			};
			buildConfigurationList = 366BCCF82CB8C8B200A113E1 /* Build configuration list for PBXProject "Volunteerly" */;
			developmentRegion = en;
			hasScannedForEncodings = 0;
			knownRegions = (
				en,
				Base,
			);
			mainGroup = 366BCCF42CB8C8B200A113E1;
			minimizedProjectReferenceProxies = 1;
			preferredProjectObjectVersion = 77;
			productRefGroup = 366BCCFE2CB8C8B200A113E1 /* Products */;
			projectDirPath = "";
			projectRoot = "";
			targets = (
				366BCCFC2CB8C8B200A113E1 /* Volunteerly */,
				366BCD0C2CB8C8B400A113E1 /* VolunteerlyTests */,
				366BCD162CB8C8B400A113E1 /* VolunteerlyUITests */,
			);
		};
/* End PBXProject section */

/* Begin PBXResourcesBuildPhase section */
		366BCCFB2CB8C8B200A113E1 /* Resources */ = {
			isa = PBXResourcesBuildPhase;
			buildActionMask = 2147483647;
			files = (
			);
			runOnlyForDeploymentPostprocessing = 0;
		};
		366BCD0B2CB8C8B400A113E1 /* Resources */ = {
			isa = PBXResourcesBuildPhase;
			buildActionMask = 2147483647;
			files = (
			);
			runOnlyForDeploymentPostprocessing = 0;
		};
		366BCD152CB8C8B400A113E1 /* Resources */ = {
			isa = PBXResourcesBuildPhase;
			buildActionMask = 2147483647;
			files = (
			);
			runOnlyForDeploymentPostprocessing = 0;
		};
/* End PBXResourcesBuildPhase section */

/* Begin PBXSourcesBuildPhase section */
		366BCCF92CB8C8B200A113E1 /* Sources */ = {
			isa = PBXSourcesBuildPhase;
			buildActionMask = 2147483647;
			files = (
			);
			runOnlyForDeploymentPostprocessing = 0;
		};
		366BCD092CB8C8B400A113E1 /* Sources */ = {
			isa = PBXSourcesBuildPhase;
			buildActionMask = 2147483647;
			files = (
			);
			runOnlyForDeploymentPostprocessing = 0;
		};
		366BCD132CB8C8B400A113E1 /* Sources */ = {
			isa = PBXSourcesBuildPhase;
			buildActionMask = 2147483647;
			files = (
			);
			runOnlyForDeploymentPostprocessing = 0;
		};
/* End PBXSourcesBuildPhase section */

/* Begin PBXTargetDependency section */
		366BCD0F2CB8C8B400A113E1 /* PBXTargetDependency */ = {
			isa = PBXTargetDependency;
			target = 366BCCFC2CB8C8B200A113E1 /* Volunteerly */;
			targetProxy = 366BCD0E2CB8C8B400A113E1 /* PBXContainerItemProxy */;
		};
		366BCD192CB8C8B400A113E1 /* PBXTargetDependency */ = {
			isa = PBXTargetDependency;
			target = 366BCCFC2CB8C8B200A113E1 /* Volunteerly */;
			targetProxy = 366BCD182CB8C8B400A113E1 /* PBXContainerItemProxy */;
		};
/* End PBXTargetDependency section */

/* Begin XCBuildConfiguration section */
		366BCD1F2CB8C8B400A113E1 /* Debug */ = {
			isa = XCBuildConfiguration;
			buildSettings = {
				ALWAYS_SEARCH_USER_PATHS = NO;
				ASSETCATALOG_COMPILER_GENERATE_SWIFT_ASSET_SYMBOL_EXTENSIONS = YES;
				CLANG_ANALYZER_NONNULL = YES;
				CLANG_ANALYZER_NUMBER_OBJECT_CONVERSION = YES_AGGRESSIVE;
				CLANG_CXX_LANGUAGE_STANDARD = "gnu++20";
				CLANG_ENABLE_MODULES = YES;
				CLANG_ENABLE_OBJC_ARC = YES;
				CLANG_ENABLE_OBJC_WEAK = YES;
				CLANG_WARN_BLOCK_CAPTURE_AUTORELEASING = YES;
				CLANG_WARN_BOOL_CONVERSION = YES;
				CLANG_WARN_COMMA = YES;
				CLANG_WARN_CONSTANT_CONVERSION = YES;
				CLANG_WARN_DEPRECATED_OBJC_IMPLEMENTATIONS = YES;
				CLANG_WARN_DIRECT_OBJC_ISA_USAGE = YES_ERROR;
				CLANG_WARN_DOCUMENTATION_COMMENTS = YES;
				CLANG_WARN_EMPTY_BODY = YES;
				CLANG_WARN_ENUM_CONVERSION = YES;
				CLANG_WARN_INFINITE_RECURSION = YES;
				CLANG_WARN_INT_CONVERSION = YES;
				CLANG_WARN_NON_LITERAL_NULL_CONVERSION = YES;
				CLANG_WARN_OBJC_IMPLICIT_RETAIN_SELF = YES;
				CLANG_WARN_OBJC_LITERAL_CONVERSION = YES;
				CLANG_WARN_OBJC_ROOT_CLASS = YES_ERROR;
				CLANG_WARN_QUOTED_INCLUDE_IN_FRAMEWORK_HEADER = YES;
				CLANG_WARN_RANGE_LOOP_ANALYSIS = YES;
				CLANG_WARN_STRICT_PROTOTYPES = YES;
				CLANG_WARN_SUSPICIOUS_MOVE = YES;
				CLANG_WARN_UNGUARDED_AVAILABILITY = YES_AGGRESSIVE;
				CLANG_WARN_UNREACHABLE_CODE = YES;
				CLANG_WARN__DUPLICATE_METHOD_MATCH = YES;
				COPY_PHASE_STRIP = NO;
				DEBUG_INFORMATION_FORMAT = dwarf;
				ENABLE_STRICT_OBJC_MSGSEND = YES;
				ENABLE_TESTABILITY = YES;
				ENABLE_USER_SCRIPT_SANDBOXING = YES;
				GCC_C_LANGUAGE_STANDARD = gnu17;
				GCC_DYNAMIC_NO_PIC = NO;
				GCC_NO_COMMON_BLOCKS = YES;
				GCC_OPTIMIZATION_LEVEL = 0;
				GCC_PREPROCESSOR_DEFINITIONS = (
					"DEBUG=1",
					"$(inherited)",
				);
				GCC_WARN_64_TO_32_BIT_CONVERSION = YES;
				GCC_WARN_ABOUT_RETURN_TYPE = YES_ERROR;
				GCC_WARN_UNDECLARED_SELECTOR = YES;
				GCC_WARN_UNINITIALIZED_AUTOS = YES_AGGRESSIVE;
				GCC_WARN_UNUSED_FUNCTION = YES;
				GCC_WARN_UNUSED_VARIABLE = YES;
				IPHONEOS_DEPLOYMENT_TARGET = 18.0;
				LOCALIZATION_PREFERS_STRING_CATALOGS = YES;
				MTL_ENABLE_DEBUG_INFO = INCLUDE_SOURCE;
				MTL_FAST_MATH = YES;
				ONLY_ACTIVE_ARCH = YES;
				SDKROOT = iphoneos;
				SWIFT_ACTIVE_COMPILATION_CONDITIONS = "DEBUG $(inherited)";
				SWIFT_OPTIMIZATION_LEVEL = "-Onone";
			};
			name = Debug;
		};
		366BCD202CB8C8B400A113E1 /* Release */ = {
			isa = XCBuildConfiguration;
			buildSettings = {
				ALWAYS_SEARCH_USER_PATHS = NO;
				ASSETCATALOG_COMPILER_GENERATE_SWIFT_ASSET_SYMBOL_EXTENSIONS = YES;
				CLANG_ANALYZER_NONNULL = YES;
				CLANG_ANALYZER_NUMBER_OBJECT_CONVERSION = YES_AGGRESSIVE;
				CLANG_CXX_LANGUAGE_STANDARD = "gnu++20";
				CLANG_ENABLE_MODULES = YES;
				CLANG_ENABLE_OBJC_ARC = YES;
				CLANG_ENABLE_OBJC_WEAK = YES;
				CLANG_WARN_BLOCK_CAPTURE_AUTORELEASING = YES;
				CLANG_WARN_BOOL_CONVERSION = YES;
				CLANG_WARN_COMMA = YES;
				CLANG_WARN_CONSTANT_CONVERSION = YES;
				CLANG_WARN_DEPRECATED_OBJC_IMPLEMENTATIONS = YES;
				CLANG_WARN_DIRECT_OBJC_ISA_USAGE = YES_ERROR;
				CLANG_WARN_DOCUMENTATION_COMMENTS = YES;
				CLANG_WARN_EMPTY_BODY = YES;
				CLANG_WARN_ENUM_CONVERSION = YES;
				CLANG_WARN_INFINITE_RECURSION = YES;
				CLANG_WARN_INT_CONVERSION = YES;
				CLANG_WARN_NON_LITERAL_NULL_CONVERSION = YES;
				CLANG_WARN_OBJC_IMPLICIT_RETAIN_SELF = YES;
				CLANG_WARN_OBJC_LITERAL_CONVERSION = YES;
				CLANG_WARN_OBJC_ROOT_CLASS = YES_ERROR;
				CLANG_WARN_QUOTED_INCLUDE_IN_FRAMEWORK_HEADER = YES;
				CLANG_WARN_RANGE_LOOP_ANALYSIS = YES;
				CLANG_WARN_STRICT_PROTOTYPES = YES;
				CLANG_WARN_SUSPICIOUS_MOVE = YES;
				CLANG_WARN_UNGUARDED_AVAILABILITY = YES_AGGRESSIVE;
				CLANG_WARN_UNREACHABLE_CODE = YES;
				CLANG_WARN__DUPLICATE_METHOD_MATCH = YES;
				COPY_PHASE_STRIP = NO;
				DEBUG_INFORMATION_FORMAT = "dwarf-with-dsym";
				ENABLE_NS_ASSERTIONS = NO;
				ENABLE_STRICT_OBJC_MSGSEND = YES;
				ENABLE_USER_SCRIPT_SANDBOXING = YES;
				GCC_C_LANGUAGE_STANDARD = gnu17;
				GCC_NO_COMMON_BLOCKS = YES;
				GCC_WARN_64_TO_32_BIT_CONVERSION = YES;
				GCC_WARN_ABOUT_RETURN_TYPE = YES_ERROR;
				GCC_WARN_UNDECLARED_SELECTOR = YES;
				GCC_WARN_UNINITIALIZED_AUTOS = YES_AGGRESSIVE;
				GCC_WARN_UNUSED_FUNCTION = YES;
				GCC_WARN_UNUSED_VARIABLE = YES;
				IPHONEOS_DEPLOYMENT_TARGET = 18.0;
				LOCALIZATION_PREFERS_STRING_CATALOGS = YES;
				MTL_ENABLE_DEBUG_INFO = NO;
				MTL_FAST_MATH = YES;
				SDKROOT = iphoneos;
				SWIFT_COMPILATION_MODE = wholemodule;
				VALIDATE_PRODUCT = YES;
			};
			name = Release;
		};
		366BCD222CB8C8B400A113E1 /* Debug */ = {
			isa = XCBuildConfiguration;
			buildSettings = {
				ASSETCATALOG_COMPILER_APPICON_NAME = AppIcon;
				ASSETCATALOG_COMPILER_GLOBAL_ACCENT_COLOR_NAME = AccentColor;
				CODE_SIGN_STYLE = Automatic;
				CURRENT_PROJECT_VERSION = 1;
				DEVELOPMENT_ASSET_PATHS = "\"Volunteerly/Preview Content\"";
				DEVELOPMENT_TEAM = 3K4XN64RQA;
				ENABLE_PREVIEWS = YES;
				GENERATE_INFOPLIST_FILE = YES;
				INFOPLIST_KEY_UIApplicationSceneManifest_Generation = YES;
				INFOPLIST_KEY_UIApplicationSupportsIndirectInputEvents = YES;
				INFOPLIST_KEY_UILaunchScreen_Generation = YES;
				INFOPLIST_KEY_UISupportedInterfaceOrientations_iPad = "UIInterfaceOrientationPortrait UIInterfaceOrientationPortraitUpsideDown UIInterfaceOrientationLandscapeLeft UIInterfaceOrientationLandscapeRight";
				INFOPLIST_KEY_UISupportedInterfaceOrientations_iPhone = "UIInterfaceOrientationPortrait UIInterfaceOrientationLandscapeLeft UIInterfaceOrientationLandscapeRight";
				LD_RUNPATH_SEARCH_PATHS = (
					"$(inherited)",
					"@executable_path/Frameworks",
				);
				MARKETING_VERSION = 1.0;
				PRODUCT_BUNDLE_IDENTIFIER = au.edu.uts.Volunteerly;
				PRODUCT_NAME = "$(TARGET_NAME)";
				SWIFT_EMIT_LOC_STRINGS = YES;
				SWIFT_VERSION = 5.0;
				TARGETED_DEVICE_FAMILY = "1,2";
			};
			name = Debug;
		};
		366BCD232CB8C8B400A113E1 /* Release */ = {
			isa = XCBuildConfiguration;
			buildSettings = {
				ASSETCATALOG_COMPILER_APPICON_NAME = AppIcon;
				ASSETCATALOG_COMPILER_GLOBAL_ACCENT_COLOR_NAME = AccentColor;
				CODE_SIGN_STYLE = Automatic;
				CURRENT_PROJECT_VERSION = 1;
				DEVELOPMENT_ASSET_PATHS = "\"Volunteerly/Preview Content\"";
				DEVELOPMENT_TEAM = 3K4XN64RQA;
				ENABLE_PREVIEWS = YES;
				GENERATE_INFOPLIST_FILE = YES;
				INFOPLIST_KEY_UIApplicationSceneManifest_Generation = YES;
				INFOPLIST_KEY_UIApplicationSupportsIndirectInputEvents = YES;
				INFOPLIST_KEY_UILaunchScreen_Generation = YES;
				INFOPLIST_KEY_UISupportedInterfaceOrientations_iPad = "UIInterfaceOrientationPortrait UIInterfaceOrientationPortraitUpsideDown UIInterfaceOrientationLandscapeLeft UIInterfaceOrientationLandscapeRight";
				INFOPLIST_KEY_UISupportedInterfaceOrientations_iPhone = "UIInterfaceOrientationPortrait UIInterfaceOrientationLandscapeLeft UIInterfaceOrientationLandscapeRight";
				LD_RUNPATH_SEARCH_PATHS = (
					"$(inherited)",
					"@executable_path/Frameworks",
				);
				MARKETING_VERSION = 1.0;
				PRODUCT_BUNDLE_IDENTIFIER = au.edu.uts.Volunteerly;
				PRODUCT_NAME = "$(TARGET_NAME)";
				SWIFT_EMIT_LOC_STRINGS = YES;
				SWIFT_VERSION = 5.0;
				TARGETED_DEVICE_FAMILY = "1,2";
			};
			name = Release;
		};
		366BCD252CB8C8B400A113E1 /* Debug */ = {
			isa = XCBuildConfiguration;
			buildSettings = {
				BUNDLE_LOADER = "$(TEST_HOST)";
				CODE_SIGN_STYLE = Automatic;
				CURRENT_PROJECT_VERSION = 1;
				DEVELOPMENT_TEAM = 3K4XN64RQA;
				GENERATE_INFOPLIST_FILE = YES;
				IPHONEOS_DEPLOYMENT_TARGET = 18.0;
				MARKETING_VERSION = 1.0;
				PRODUCT_BUNDLE_IDENTIFIER = au.edu.uts.VolunteerlyTests;
				PRODUCT_NAME = "$(TARGET_NAME)";
				SWIFT_EMIT_LOC_STRINGS = NO;
				SWIFT_VERSION = 5.0;
				TARGETED_DEVICE_FAMILY = "1,2";
				TEST_HOST = "$(BUILT_PRODUCTS_DIR)/Volunteerly.app/$(BUNDLE_EXECUTABLE_FOLDER_PATH)/Volunteerly";
			};
			name = Debug;
		};
		366BCD262CB8C8B400A113E1 /* Release */ = {
			isa = XCBuildConfiguration;
			buildSettings = {
				BUNDLE_LOADER = "$(TEST_HOST)";
				CODE_SIGN_STYLE = Automatic;
				CURRENT_PROJECT_VERSION = 1;
				DEVELOPMENT_TEAM = 3K4XN64RQA;
				GENERATE_INFOPLIST_FILE = YES;
				IPHONEOS_DEPLOYMENT_TARGET = 18.0;
				MARKETING_VERSION = 1.0;
				PRODUCT_BUNDLE_IDENTIFIER = au.edu.uts.VolunteerlyTests;
				PRODUCT_NAME = "$(TARGET_NAME)";
				SWIFT_EMIT_LOC_STRINGS = NO;
				SWIFT_VERSION = 5.0;
				TARGETED_DEVICE_FAMILY = "1,2";
				TEST_HOST = "$(BUILT_PRODUCTS_DIR)/Volunteerly.app/$(BUNDLE_EXECUTABLE_FOLDER_PATH)/Volunteerly";
			};
			name = Release;
		};
		366BCD282CB8C8B400A113E1 /* Debug */ = {
			isa = XCBuildConfiguration;
			buildSettings = {
				CODE_SIGN_STYLE = Automatic;
				CURRENT_PROJECT_VERSION = 1;
				DEVELOPMENT_TEAM = 3K4XN64RQA;
				GENERATE_INFOPLIST_FILE = YES;
				MARKETING_VERSION = 1.0;
				PRODUCT_BUNDLE_IDENTIFIER = au.edu.uts.VolunteerlyUITests;
				PRODUCT_NAME = "$(TARGET_NAME)";
				SWIFT_EMIT_LOC_STRINGS = NO;
				SWIFT_VERSION = 5.0;
				TARGETED_DEVICE_FAMILY = "1,2";
				TEST_TARGET_NAME = Volunteerly;
			};
			name = Debug;
		};
		366BCD292CB8C8B400A113E1 /* Release */ = {
			isa = XCBuildConfiguration;
			buildSettings = {
				CODE_SIGN_STYLE = Automatic;
				CURRENT_PROJECT_VERSION = 1;
				DEVELOPMENT_TEAM = 3K4XN64RQA;
				GENERATE_INFOPLIST_FILE = YES;
				MARKETING_VERSION = 1.0;
				PRODUCT_BUNDLE_IDENTIFIER = au.edu.uts.VolunteerlyUITests;
				PRODUCT_NAME = "$(TARGET_NAME)";
				SWIFT_EMIT_LOC_STRINGS = NO;
				SWIFT_VERSION = 5.0;
				TARGETED_DEVICE_FAMILY = "1,2";
				TEST_TARGET_NAME = Volunteerly;
			};
			name = Release;
		};
/* End XCBuildConfiguration section */

/* Begin XCConfigurationList section */
		366BCCF82CB8C8B200A113E1 /* Build configuration list for PBXProject "Volunteerly" */ = {
			isa = XCConfigurationList;
			buildConfigurations = (
				366BCD1F2CB8C8B400A113E1 /* Debug */,
				366BCD202CB8C8B400A113E1 /* Release */,
			);
			defaultConfigurationIsVisible = 0;
			defaultConfigurationName = Release;
		};
		366BCD212CB8C8B400A113E1 /* Build configuration list for PBXNativeTarget "Volunteerly" */ = {
			isa = XCConfigurationList;
			buildConfigurations = (
				366BCD222CB8C8B400A113E1 /* Debug */,
				366BCD232CB8C8B400A113E1 /* Release */,
			);
			defaultConfigurationIsVisible = 0;
			defaultConfigurationName = Release;
		};
		366BCD242CB8C8B400A113E1 /* Build configuration list for PBXNativeTarget "VolunteerlyTests" */ = {
			isa = XCConfigurationList;
			buildConfigurations = (
				366BCD252CB8C8B400A113E1 /* Debug */,
				366BCD262CB8C8B400A113E1 /* Release */,
			);
			defaultConfigurationIsVisible = 0;
			defaultConfigurationName = Release;
		};
		366BCD272CB8C8B400A113E1 /* Build configuration list for PBXNativeTarget "VolunteerlyUITests" */ = {
			isa = XCConfigurationList;
			buildConfigurations = (
				366BCD282CB8C8B400A113E1 /* Debug */,
				366BCD292CB8C8B400A113E1 /* Release */,
			);
			defaultConfigurationIsVisible = 0;
			defaultConfigurationName = Release;
		};
/* End XCConfigurationList section */
	};
	rootObject = 366BCCF52CB8C8B200A113E1 /* Project object */;
}
